// !$*UTF8*$!
{
	archiveVersion = 1;
	classes = {
	};
	objectVersion = 77;
	objects = {

/* Begin PBXBuildFile section */
		44ABA7AB2EC2D53400A56F46 /* AppDelegate.swift in Sources */ = {isa = PBXBuildFile; fileRef = 44ABA7AA2EC2D53400A56F46 /* AppDelegate.swift */; };
		44ABA7AF2EC2D53400A56F46 /* Main.html in Resources */ = {isa = PBXBuildFile; fileRef = 44ABA7AD2EC2D53400A56F46 /* Main.html */; };
		44ABA7B12EC2D53400A56F46 /* Icon.png in Resources */ = {isa = PBXBuildFile; fileRef = 44ABA7B02EC2D53400A56F46 /* Icon.png */; };
		44ABA7B32EC2D53400A56F46 /* Style.css in Resources */ = {isa = PBXBuildFile; fileRef = 44ABA7B22EC2D53400A56F46 /* Style.css */; };
		44ABA7B52EC2D53400A56F46 /* Script.js in Resources */ = {isa = PBXBuildFile; fileRef = 44ABA7B42EC2D53400A56F46 /* Script.js */; };
		44ABA7B72EC2D53400A56F46 /* ViewController.swift in Sources */ = {isa = PBXBuildFile; fileRef = 44ABA7B62EC2D53400A56F46 /* ViewController.swift */; };
		44ABA7BA2EC2D53400A56F46 /* Main.storyboard in Resources */ = {isa = PBXBuildFile; fileRef = 44ABA7B82EC2D53400A56F46 /* Main.storyboard */; };
		44ABA7BC2EC2D53500A56F46 /* Assets.xcassets in Resources */ = {isa = PBXBuildFile; fileRef = 44ABA7BB2EC2D53500A56F46 /* Assets.xcassets */; };
		44ABA7C32EC2D53500A56F46 /* TabWrangler Extension.appex in Embed Foundation Extensions */ = {isa = PBXBuildFile; fileRef = 44ABA7C22EC2D53500A56F46 /* TabWrangler Extension.appex */; settings = {ATTRIBUTES = (RemoveHeadersOnCopy, ); }; };
		44ABA7C82EC2D53500A56F46 /* SafariWebExtensionHandler.swift in Sources */ = {isa = PBXBuildFile; fileRef = 44ABA7C72EC2D53500A56F46 /* SafariWebExtensionHandler.swift */; };
/* End PBXBuildFile section */

/* Begin PBXContainerItemProxy section */
		44ABA7C42EC2D53500A56F46 /* PBXContainerItemProxy */ = {
			isa = PBXContainerItemProxy;
			containerPortal = 44ABA79F2EC2D53400A56F46 /* Project object */;
			proxyType = 1;
			remoteGlobalIDString = 44ABA7C12EC2D53500A56F46;
			remoteInfo = "TabWrangler Extension";
		};
/* End PBXContainerItemProxy section */

/* Begin PBXCopyFilesBuildPhase section */
		44ABA7CF2EC2D53500A56F46 /* Embed Foundation Extensions */ = {
			isa = PBXCopyFilesBuildPhase;
			buildActionMask = 2147483647;
			dstPath = "";
			dstSubfolderSpec = 13;
			files = (
				44ABA7C32EC2D53500A56F46 /* TabWrangler Extension.appex in Embed Foundation Extensions */,
			);
			name = "Embed Foundation Extensions";
			runOnlyForDeploymentPostprocessing = 0;
		};
/* End PBXCopyFilesBuildPhase section */

/* Begin PBXFileReference section */
		44ABA7A72EC2D53400A56F46 /* TabWrangler.app */ = {isa = PBXFileReference; explicitFileType = wrapper.application; includeInIndex = 0; path = TabWrangler.app; sourceTree = BUILT_PRODUCTS_DIR; };
		44ABA7AA2EC2D53400A56F46 /* AppDelegate.swift */ = {isa = PBXFileReference; lastKnownFileType = sourcecode.swift; path = AppDelegate.swift; sourceTree = "<group>"; };
		44ABA7AE2EC2D53400A56F46 /* Base */ = {isa = PBXFileReference; lastKnownFileType = text.html; name = Base; path = Base.lproj/Main.html; sourceTree = "<group>"; };
		44ABA7B02EC2D53400A56F46 /* Icon.png */ = {isa = PBXFileReference; lastKnownFileType = image.png; path = Icon.png; sourceTree = "<group>"; };
		44ABA7B22EC2D53400A56F46 /* Style.css */ = {isa = PBXFileReference; lastKnownFileType = text.css; path = Style.css; sourceTree = "<group>"; };
		44ABA7B42EC2D53400A56F46 /* Script.js */ = {isa = PBXFileReference; lastKnownFileType = sourcecode.javascript; path = Script.js; sourceTree = "<group>"; };
		44ABA7B62EC2D53400A56F46 /* ViewController.swift */ = {isa = PBXFileReference; lastKnownFileType = sourcecode.swift; path = ViewController.swift; sourceTree = "<group>"; };
		44ABA7B92EC2D53400A56F46 /* Base */ = {isa = PBXFileReference; lastKnownFileType = file.storyboard; name = Base; path = Base.lproj/Main.storyboard; sourceTree = "<group>"; };
		44ABA7BB2EC2D53500A56F46 /* Assets.xcassets */ = {isa = PBXFileReference; lastKnownFileType = folder.assetcatalog; path = Assets.xcassets; sourceTree = "<group>"; };
		44ABA7BD2EC2D53500A56F46 /* Info.plist */ = {isa = PBXFileReference; lastKnownFileType = text.plist.xml; path = Info.plist; sourceTree = "<group>"; };
		44ABA7C22EC2D53500A56F46 /* TabWrangler Extension.appex */ = {isa = PBXFileReference; explicitFileType = "wrapper.app-extension"; includeInIndex = 0; path = "TabWrangler Extension.appex"; sourceTree = BUILT_PRODUCTS_DIR; };
		44ABA7C72EC2D53500A56F46 /* SafariWebExtensionHandler.swift */ = {isa = PBXFileReference; lastKnownFileType = sourcecode.swift; path = SafariWebExtensionHandler.swift; sourceTree = "<group>"; };
		44ABA7C92EC2D53500A56F46 /* Info.plist */ = {isa = PBXFileReference; lastKnownFileType = text.plist.xml; path = Info.plist; sourceTree = "<group>"; };
/* End PBXFileReference section */

/* Begin PBXFrameworksBuildPhase section */
		44ABA7A42EC2D53400A56F46 /* Frameworks */ = {
			isa = PBXFrameworksBuildPhase;
			buildActionMask = 2147483647;
			files = (
			);
			runOnlyForDeploymentPostprocessing = 0;
		};
		44ABA7BF2EC2D53500A56F46 /* Frameworks */ = {
			isa = PBXFrameworksBuildPhase;
			buildActionMask = 2147483647;
			files = (
			);
			runOnlyForDeploymentPostprocessing = 0;
		};
/* End PBXFrameworksBuildPhase section */

/* Begin PBXGroup section */
		44ABA79E2EC2D53400A56F46 = {
			isa = PBXGroup;
			children = (
				44ABA7A92EC2D53400A56F46 /* TabWrangler */,
				44ABA7C62EC2D53500A56F46 /* TabWrangler Extension */,
				44ABA7A82EC2D53400A56F46 /* Products */,
			);
			sourceTree = "<group>";
		};
		44ABA7A82EC2D53400A56F46 /* Products */ = {
			isa = PBXGroup;
			children = (
				44ABA7A72EC2D53400A56F46 /* TabWrangler.app */,
				44ABA7C22EC2D53500A56F46 /* TabWrangler Extension.appex */,
			);
			name = Products;
			sourceTree = "<group>";
		};
		44ABA7A92EC2D53400A56F46 /* TabWrangler */ = {
			isa = PBXGroup;
			children = (
				44ABA7AA2EC2D53400A56F46 /* AppDelegate.swift */,
				44ABA7B62EC2D53400A56F46 /* ViewController.swift */,
				44ABA7B82EC2D53400A56F46 /* Main.storyboard */,
				44ABA7BB2EC2D53500A56F46 /* Assets.xcassets */,
				44ABA7BD2EC2D53500A56F46 /* Info.plist */,
				44ABA7AC2EC2D53400A56F46 /* Resources */,
			);
			path = TabWrangler;
			sourceTree = "<group>";
		};
		44ABA7AC2EC2D53400A56F46 /* Resources */ = {
			isa = PBXGroup;
			children = (
				44ABA7AD2EC2D53400A56F46 /* Main.html */,
				44ABA7B02EC2D53400A56F46 /* Icon.png */,
				44ABA7B22EC2D53400A56F46 /* Style.css */,
				44ABA7B42EC2D53400A56F46 /* Script.js */,
			);
			path = Resources;
			sourceTree = "<group>";
		};
		44ABA7C62EC2D53500A56F46 /* TabWrangler Extension */ = {
			isa = PBXGroup;
			children = (
				44ABA7D32EC2D53600A56F46 /* Resources */,
				44ABA7C72EC2D53500A56F46 /* SafariWebExtensionHandler.swift */,
				44ABA7C92EC2D53500A56F46 /* Info.plist */,
			);
			path = "TabWrangler Extension";
			sourceTree = "<group>";
		};
		44ABA7D32EC2D53600A56F46 /* Resources */ = {
			isa = PBXGroup;
			children = (
			);
			name = Resources;
			path = "TabWrangler Extension";
			sourceTree = SOURCE_ROOT;
		};
/* End PBXGroup section */

/* Begin PBXNativeTarget section */
		44ABA7A62EC2D53400A56F46 /* TabWrangler */ = {
			isa = PBXNativeTarget;
			buildConfigurationList = 44ABA7D02EC2D53500A56F46 /* Build configuration list for PBXNativeTarget "TabWrangler" */;
			buildPhases = (
				44ABA7A32EC2D53400A56F46 /* Sources */,
				44ABA7A42EC2D53400A56F46 /* Frameworks */,
				44ABA7A52EC2D53400A56F46 /* Resources */,
				44ABA7CF2EC2D53500A56F46 /* Embed Foundation Extensions */,
			);
			buildRules = (
			);
			dependencies = (
				44ABA7C52EC2D53500A56F46 /* PBXTargetDependency */,
			);
			name = TabWrangler;
			packageProductDependencies = (
			);
			productName = TabWrangler;
			productReference = 44ABA7A72EC2D53400A56F46 /* TabWrangler.app */;
			productType = "com.apple.product-type.application";
		};
		44ABA7C12EC2D53500A56F46 /* TabWrangler Extension */ = {
			isa = PBXNativeTarget;
			buildConfigurationList = 44ABA7CC2EC2D53500A56F46 /* Build configuration list for PBXNativeTarget "TabWrangler Extension" */;
			buildPhases = (
				44ABA7BE2EC2D53500A56F46 /* Sources */,
				44ABA7BF2EC2D53500A56F46 /* Frameworks */,
				44ABA7C02EC2D53500A56F46 /* Resources */,
			);
			buildRules = (
			);
			dependencies = (
			);
			name = "TabWrangler Extension";
			packageProductDependencies = (
			);
			productName = "TabWrangler Extension";
			productReference = 44ABA7C22EC2D53500A56F46 /* TabWrangler Extension.appex */;
			productType = "com.apple.product-type.app-extension";
		};
/* End PBXNativeTarget section */

/* Begin PBXProject section */
		44ABA79F2EC2D53400A56F46 /* Project object */ = {
			isa = PBXProject;
			attributes = {
				BuildIndependentTargetsInParallel = 1;
				LastSwiftUpdateCheck = 2610;
				LastUpgradeCheck = 2610;
				TargetAttributes = {
					44ABA7A62EC2D53400A56F46 = {
						CreatedOnToolsVersion = 26.1;
					};
					44ABA7C12EC2D53500A56F46 = {
						CreatedOnToolsVersion = 26.1;
					};
				};
			};
			buildConfigurationList = 44ABA7A22EC2D53400A56F46 /* Build configuration list for PBXProject "TabWrangler" */;
			developmentRegion = en;
			hasScannedForEncodings = 0;
			knownRegions = (
				en,
				Base,
			);
			mainGroup = 44ABA79E2EC2D53400A56F46;
			minimizedProjectReferenceProxies = 1;
			preferredProjectObjectVersion = 77;
			productRefGroup = 44ABA7A82EC2D53400A56F46 /* Products */;
			projectDirPath = "";
			projectRoot = "";
			targets = (
				44ABA7A62EC2D53400A56F46 /* TabWrangler */,
				44ABA7C12EC2D53500A56F46 /* TabWrangler Extension */,
			);
		};
/* End PBXProject section */

/* Begin PBXResourcesBuildPhase section */
		44ABA7A52EC2D53400A56F46 /* Resources */ = {
			isa = PBXResourcesBuildPhase;
			buildActionMask = 2147483647;
			files = (
				44ABA7B12EC2D53400A56F46 /* Icon.png in Resources */,
				44ABA7BA2EC2D53400A56F46 /* Main.storyboard in Resources */,
				44ABA7B52EC2D53400A56F46 /* Script.js in Resources */,
				44ABA7AF2EC2D53400A56F46 /* Main.html in Resources */,
				44ABA7BC2EC2D53500A56F46 /* Assets.xcassets in Resources */,
				44ABA7B32EC2D53400A56F46 /* Style.css in Resources */,
			);
			runOnlyForDeploymentPostprocessing = 0;
		};
		44ABA7C02EC2D53500A56F46 /* Resources */ = {
			isa = PBXResourcesBuildPhase;
			buildActionMask = 2147483647;
			files = (
			);
			runOnlyForDeploymentPostprocessing = 0;
		};
/* End PBXResourcesBuildPhase section */

/* Begin PBXSourcesBuildPhase section */
		44ABA7A32EC2D53400A56F46 /* Sources */ = {
			isa = PBXSourcesBuildPhase;
			buildActionMask = 2147483647;
			files = (
				44ABA7B72EC2D53400A56F46 /* ViewController.swift in Sources */,
				44ABA7AB2EC2D53400A56F46 /* AppDelegate.swift in Sources */,
			);
			runOnlyForDeploymentPostprocessing = 0;
		};
		44ABA7BE2EC2D53500A56F46 /* Sources */ = {
			isa = PBXSourcesBuildPhase;
			buildActionMask = 2147483647;
			files = (
				44ABA7C82EC2D53500A56F46 /* SafariWebExtensionHandler.swift in Sources */,
			);
			runOnlyForDeploymentPostprocessing = 0;
		};
/* End PBXSourcesBuildPhase section */

/* Begin PBXTargetDependency section */
		44ABA7C52EC2D53500A56F46 /* PBXTargetDependency */ = {
			isa = PBXTargetDependency;
			target = 44ABA7C12EC2D53500A56F46 /* TabWrangler Extension */;
			targetProxy = 44ABA7C42EC2D53500A56F46 /* PBXContainerItemProxy */;
		};
/* End PBXTargetDependency section */

/* Begin PBXVariantGroup section */
		44ABA7AD2EC2D53400A56F46 /* Main.html */ = {
			isa = PBXVariantGroup;
			children = (
				44ABA7AE2EC2D53400A56F46 /* Base */,
			);
			name = Main.html;
			sourceTree = "<group>";
		};
		44ABA7B82EC2D53400A56F46 /* Main.storyboard */ = {
			isa = PBXVariantGroup;
			children = (
				44ABA7B92EC2D53400A56F46 /* Base */,
			);
			name = Main.storyboard;
			sourceTree = "<group>";
		};
/* End PBXVariantGroup section */

/* Begin XCBuildConfiguration section */
		44ABA7CA2EC2D53500A56F46 /* Debug */ = {
			isa = XCBuildConfiguration;
			buildSettings = {
				ALWAYS_SEARCH_USER_PATHS = NO;
				ASSETCATALOG_COMPILER_GENERATE_SWIFT_ASSET_SYMBOL_EXTENSIONS = YES;
				CLANG_ANALYZER_NONNULL = YES;
				CLANG_ANALYZER_NUMBER_OBJECT_CONVERSION = YES_AGGRESSIVE;
				CLANG_CXX_LANGUAGE_STANDARD = "gnu++20";
				CLANG_ENABLE_MODULES = YES;
				CLANG_ENABLE_OBJC_ARC = YES;
				CLANG_ENABLE_OBJC_WEAK = YES;
				CLANG_WARN_BLOCK_CAPTURE_AUTORELEASING = YES;
				CLANG_WARN_BOOL_CONVERSION = YES;
				CLANG_WARN_COMMA = YES;
				CLANG_WARN_CONSTANT_CONVERSION = YES;
				CLANG_WARN_DEPRECATED_OBJC_IMPLEMENTATIONS = YES;
				CLANG_WARN_DIRECT_OBJC_ISA_USAGE = YES_ERROR;
				CLANG_WARN_DOCUMENTATION_COMMENTS = YES;
				CLANG_WARN_EMPTY_BODY = YES;
				CLANG_WARN_ENUM_CONVERSION = YES;
				CLANG_WARN_INFINITE_RECURSION = YES;
				CLANG_WARN_INT_CONVERSION = YES;
				CLANG_WARN_NON_LITERAL_NULL_CONVERSION = YES;
				CLANG_WARN_OBJC_IMPLICIT_RETAIN_SELF = YES;
				CLANG_WARN_OBJC_LITERAL_CONVERSION = YES;
				CLANG_WARN_OBJC_ROOT_CLASS = YES_ERROR;
				CLANG_WARN_QUOTED_INCLUDE_IN_FRAMEWORK_HEADER = YES;
				CLANG_WARN_RANGE_LOOP_ANALYSIS = YES;
				CLANG_WARN_STRICT_PROTOTYPES = YES;
				CLANG_WARN_SUSPICIOUS_MOVE = YES;
				CLANG_WARN_UNGUARDED_AVAILABILITY = YES_AGGRESSIVE;
				CLANG_WARN_UNREACHABLE_CODE = YES;
				CLANG_WARN__DUPLICATE_METHOD_MATCH = YES;
				COPY_PHASE_STRIP = NO;
				DEBUG_INFORMATION_FORMAT = dwarf;
				ENABLE_STRICT_OBJC_MSGSEND = YES;
				ENABLE_TESTABILITY = YES;
				ENABLE_USER_SCRIPT_SANDBOXING = YES;
				GCC_C_LANGUAGE_STANDARD = gnu17;
				GCC_DYNAMIC_NO_PIC = NO;
				GCC_NO_COMMON_BLOCKS = YES;
				GCC_OPTIMIZATION_LEVEL = 0;
				GCC_PREPROCESSOR_DEFINITIONS = (
					"DEBUG=1",
					"$(inherited)",
				);
				GCC_WARN_64_TO_32_BIT_CONVERSION = YES;
				GCC_WARN_ABOUT_RETURN_TYPE = YES_ERROR;
				GCC_WARN_UNDECLARED_SELECTOR = YES;
				GCC_WARN_UNINITIALIZED_AUTOS = YES_AGGRESSIVE;
				GCC_WARN_UNUSED_FUNCTION = YES;
				GCC_WARN_UNUSED_VARIABLE = YES;
				LOCALIZATION_PREFERS_STRING_CATALOGS = YES;
				MACOSX_DEPLOYMENT_TARGET = 26.1;
				MTL_ENABLE_DEBUG_INFO = INCLUDE_SOURCE;
				MTL_FAST_MATH = YES;
				ONLY_ACTIVE_ARCH = YES;
				SDKROOT = macosx;
				SWIFT_ACTIVE_COMPILATION_CONDITIONS = "DEBUG $(inherited)";
				SWIFT_OPTIMIZATION_LEVEL = "-Onone";
			};
			name = Debug;
		};
		44ABA7CB2EC2D53500A56F46 /* Release */ = {
			isa = XCBuildConfiguration;
			buildSettings = {
				ALWAYS_SEARCH_USER_PATHS = NO;
				ASSETCATALOG_COMPILER_GENERATE_SWIFT_ASSET_SYMBOL_EXTENSIONS = YES;
				CLANG_ANALYZER_NONNULL = YES;
				CLANG_ANALYZER_NUMBER_OBJECT_CONVERSION = YES_AGGRESSIVE;
				CLANG_CXX_LANGUAGE_STANDARD = "gnu++20";
				CLANG_ENABLE_MODULES = YES;
				CLANG_ENABLE_OBJC_ARC = YES;
				CLANG_ENABLE_OBJC_WEAK = YES;
				CLANG_WARN_BLOCK_CAPTURE_AUTORELEASING = YES;
				CLANG_WARN_BOOL_CONVERSION = YES;
				CLANG_WARN_COMMA = YES;
				CLANG_WARN_CONSTANT_CONVERSION = YES;
				CLANG_WARN_DEPRECATED_OBJC_IMPLEMENTATIONS = YES;
				CLANG_WARN_DIRECT_OBJC_ISA_USAGE = YES_ERROR;
				CLANG_WARN_DOCUMENTATION_COMMENTS = YES;
				CLANG_WARN_EMPTY_BODY = YES;
				CLANG_WARN_ENUM_CONVERSION = YES;
				CLANG_WARN_INFINITE_RECURSION = YES;
				CLANG_WARN_INT_CONVERSION = YES;
				CLANG_WARN_NON_LITERAL_NULL_CONVERSION = YES;
				CLANG_WARN_OBJC_IMPLICIT_RETAIN_SELF = YES;
				CLANG_WARN_OBJC_LITERAL_CONVERSION = YES;
				CLANG_WARN_OBJC_ROOT_CLASS = YES_ERROR;
				CLANG_WARN_QUOTED_INCLUDE_IN_FRAMEWORK_HEADER = YES;
				CLANG_WARN_RANGE_LOOP_ANALYSIS = YES;
				CLANG_WARN_STRICT_PROTOTYPES = YES;
				CLANG_WARN_SUSPICIOUS_MOVE = YES;
				CLANG_WARN_UNGUARDED_AVAILABILITY = YES_AGGRESSIVE;
				CLANG_WARN_UNREACHABLE_CODE = YES;
				CLANG_WARN__DUPLICATE_METHOD_MATCH = YES;
				COPY_PHASE_STRIP = NO;
				DEBUG_INFORMATION_FORMAT = "dwarf-with-dsym";
				ENABLE_NS_ASSERTIONS = NO;
				ENABLE_STRICT_OBJC_MSGSEND = YES;
				ENABLE_USER_SCRIPT_SANDBOXING = YES;
				GCC_C_LANGUAGE_STANDARD = gnu17;
				GCC_NO_COMMON_BLOCKS = YES;
				GCC_WARN_64_TO_32_BIT_CONVERSION = YES;
				GCC_WARN_ABOUT_RETURN_TYPE = YES_ERROR;
				GCC_WARN_UNDECLARED_SELECTOR = YES;
				GCC_WARN_UNINITIALIZED_AUTOS = YES_AGGRESSIVE;
				GCC_WARN_UNUSED_FUNCTION = YES;
				GCC_WARN_UNUSED_VARIABLE = YES;
				LOCALIZATION_PREFERS_STRING_CATALOGS = YES;
				MACOSX_DEPLOYMENT_TARGET = 26.1;
				MTL_ENABLE_DEBUG_INFO = NO;
				MTL_FAST_MATH = YES;
				SDKROOT = macosx;
				SWIFT_COMPILATION_MODE = wholemodule;
			};
			name = Release;
		};
		44ABA7CD2EC2D53500A56F46 /* Debug */ = {
			isa = XCBuildConfiguration;
			buildSettings = {
				"CODE_SIGN_IDENTITY[sdk=macosx*]" = "Apple Development";
				CODE_SIGN_STYLE = Automatic;
				CURRENT_PROJECT_VERSION = 1;
				DEVELOPMENT_TEAM = GJ53HTZ5UV;
				ENABLE_APP_SANDBOX = YES;
				ENABLE_HARDENED_RUNTIME = YES;
				ENABLE_USER_SELECTED_FILES = readonly;
				GENERATE_INFOPLIST_FILE = YES;
				INFOPLIST_FILE = "TabWrangler Extension/Info.plist";
				INFOPLIST_KEY_CFBundleDisplayName = "TabWrangler Extension";
				INFOPLIST_KEY_NSHumanReadableCopyright = "";
				LD_RUNPATH_SEARCH_PATHS = (
					"$(inherited)",
					"@executable_path/../Frameworks",
					"@executable_path/../../../../Frameworks",
				);
				MACOSX_DEPLOYMENT_TARGET = 10.14;
				MARKETING_VERSION = 1.0;
				OTHER_LDFLAGS = (
					"-framework",
					SafariServices,
				);
				PRODUCT_BUNDLE_IDENTIFIER = com.yourCompany.TabWrangler.Extension;
				PRODUCT_NAME = "$(TARGET_NAME)";
				SKIP_INSTALL = YES;
				STRING_CATALOG_GENERATE_SYMBOLS = YES;
				SWIFT_APPROACHABLE_CONCURRENCY = YES;
				SWIFT_EMIT_LOC_STRINGS = YES;
				SWIFT_UPCOMING_FEATURE_MEMBER_IMPORT_VISIBILITY = YES;
				SWIFT_VERSION = 5.0;
			};
			name = Debug;
		};
		44ABA7CE2EC2D53500A56F46 /* Release */ = {
			isa = XCBuildConfiguration;
			buildSettings = {
				"CODE_SIGN_IDENTITY[sdk=macosx*]" = "Apple Development";
				CODE_SIGN_STYLE = Automatic;
				CURRENT_PROJECT_VERSION = 1;
				DEVELOPMENT_TEAM = GJ53HTZ5UV;
				ENABLE_APP_SANDBOX = YES;
				ENABLE_HARDENED_RUNTIME = YES;
				ENABLE_USER_SELECTED_FILES = readonly;
				GENERATE_INFOPLIST_FILE = YES;
				INFOPLIST_FILE = "TabWrangler Extension/Info.plist";
				INFOPLIST_KEY_CFBundleDisplayName = "TabWrangler Extension";
				INFOPLIST_KEY_NSHumanReadableCopyright = "";
				LD_RUNPATH_SEARCH_PATHS = (
					"$(inherited)",
					"@executable_path/../Frameworks",
					"@executable_path/../../../../Frameworks",
				);
				MACOSX_DEPLOYMENT_TARGET = 10.14;
				MARKETING_VERSION = 1.0;
				OTHER_LDFLAGS = (
					"-framework",
					SafariServices,
				);
				PRODUCT_BUNDLE_IDENTIFIER = com.yourCompany.TabWrangler.Extension;
				PRODUCT_NAME = "$(TARGET_NAME)";
				SKIP_INSTALL = YES;
				STRING_CATALOG_GENERATE_SYMBOLS = YES;
				SWIFT_APPROACHABLE_CONCURRENCY = YES;
				SWIFT_EMIT_LOC_STRINGS = YES;
				SWIFT_UPCOMING_FEATURE_MEMBER_IMPORT_VISIBILITY = YES;
				SWIFT_VERSION = 5.0;
			};
			name = Release;
		};
		44ABA7D12EC2D53500A56F46 /* Debug */ = {
			isa = XCBuildConfiguration;
			buildSettings = {
				ASSETCATALOG_COMPILER_APPICON_NAME = AppIcon;
				ASSETCATALOG_COMPILER_GLOBAL_ACCENT_COLOR_NAME = AccentColor;
				CODE_SIGN_STYLE = Automatic;
				COMBINE_HIDPI_IMAGES = YES;
				CURRENT_PROJECT_VERSION = 1;
				DEVELOPMENT_TEAM = GJ53HTZ5UV;
				ENABLE_APP_SANDBOX = YES;
				ENABLE_HARDENED_RUNTIME = YES;
				ENABLE_OUTGOING_NETWORK_CONNECTIONS = YES;
				ENABLE_USER_SELECTED_FILES = readonly;
				GENERATE_INFOPLIST_FILE = YES;
				INFOPLIST_FILE = TabWrangler/Info.plist;
				INFOPLIST_KEY_CFBundleDisplayName = TabWrangler;
				INFOPLIST_KEY_NSHumanReadableCopyright = "";
				INFOPLIST_KEY_NSMainStoryboardFile = Main;
				INFOPLIST_KEY_NSPrincipalClass = NSApplication;
				LD_RUNPATH_SEARCH_PATHS = (
					"$(inherited)",
					"@executable_path/../Frameworks",
				);
				MARKETING_VERSION = 1.0;
				OTHER_LDFLAGS = (
					"-framework",
					SafariServices,
					"-framework",
					WebKit,
				);
				PRODUCT_BUNDLE_IDENTIFIER = com.yourCompany.TabWrangler;
				PRODUCT_NAME = "$(TARGET_NAME)";
				REGISTER_APP_GROUPS = YES;
				STRING_CATALOG_GENERATE_SYMBOLS = YES;
				SWIFT_APPROACHABLE_CONCURRENCY = YES;
				SWIFT_DEFAULT_ACTOR_ISOLATION = MainActor;
				SWIFT_EMIT_LOC_STRINGS = YES;
				SWIFT_UPCOMING_FEATURE_MEMBER_IMPORT_VISIBILITY = YES;
				SWIFT_VERSION = 5.0;
			};
			name = Debug;
		};
		44ABA7D22EC2D53500A56F46 /* Release */ = {
			isa = XCBuildConfiguration;
			buildSettings = {
				ASSETCATALOG_COMPILER_APPICON_NAME = AppIcon;
				ASSETCATALOG_COMPILER_GLOBAL_ACCENT_COLOR_NAME = AccentColor;
				CODE_SIGN_STYLE = Automatic;
				COMBINE_HIDPI_IMAGES = YES;
				CURRENT_PROJECT_VERSION = 1;
				DEVELOPMENT_TEAM = GJ53HTZ5UV;
				ENABLE_APP_SANDBOX = YES;
				ENABLE_HARDENED_RUNTIME = YES;
				ENABLE_OUTGOING_NETWORK_CONNECTIONS = YES;
				ENABLE_USER_SELECTED_FILES = readonly;
				GENERATE_INFOPLIST_FILE = YES;
				INFOPLIST_FILE = TabWrangler/Info.plist;
				INFOPLIST_KEY_CFBundleDisplayName = TabWrangler;
				INFOPLIST_KEY_NSHumanReadableCopyright = "";
				INFOPLIST_KEY_NSMainStoryboardFile = Main;
				INFOPLIST_KEY_NSPrincipalClass = NSApplication;
				LD_RUNPATH_SEARCH_PATHS = (
					"$(inherited)",
					"@executable_path/../Frameworks",
				);
				MARKETING_VERSION = 1.0;
				OTHER_LDFLAGS = (
					"-framework",
					SafariServices,
					"-framework",
					WebKit,
				);
				PRODUCT_BUNDLE_IDENTIFIER = com.yourCompany.TabWrangler;
				PRODUCT_NAME = "$(TARGET_NAME)";
				REGISTER_APP_GROUPS = YES;
				STRING_CATALOG_GENERATE_SYMBOLS = YES;
				SWIFT_APPROACHABLE_CONCURRENCY = YES;
				SWIFT_DEFAULT_ACTOR_ISOLATION = MainActor;
				SWIFT_EMIT_LOC_STRINGS = YES;
				SWIFT_UPCOMING_FEATURE_MEMBER_IMPORT_VISIBILITY = YES;
				SWIFT_VERSION = 5.0;
			};
			name = Release;
		};
/* End XCBuildConfiguration section */

/* Begin XCConfigurationList section */
		44ABA7A22EC2D53400A56F46 /* Build configuration list for PBXProject "TabWrangler" */ = {
			isa = XCConfigurationList;
			buildConfigurations = (
				44ABA7CA2EC2D53500A56F46 /* Debug */,
				44ABA7CB2EC2D53500A56F46 /* Release */,
			);
			defaultConfigurationIsVisible = 0;
			defaultConfigurationName = Release;
		};
		44ABA7CC2EC2D53500A56F46 /* Build configuration list for PBXNativeTarget "TabWrangler Extension" */ = {
			isa = XCConfigurationList;
			buildConfigurations = (
				44ABA7CD2EC2D53500A56F46 /* Debug */,
				44ABA7CE2EC2D53500A56F46 /* Release */,
			);
			defaultConfigurationIsVisible = 0;
			defaultConfigurationName = Release;
		};
		44ABA7D02EC2D53500A56F46 /* Build configuration list for PBXNativeTarget "TabWrangler" */ = {
			isa = XCConfigurationList;
			buildConfigurations = (
				44ABA7D12EC2D53500A56F46 /* Debug */,
				44ABA7D22EC2D53500A56F46 /* Release */,
			);
			defaultConfigurationIsVisible = 0;
			defaultConfigurationName = Release;
		};
/* End XCConfigurationList section */
	};
	rootObject = 44ABA79F2EC2D53400A56F46 /* Project object */;
}
